Microsoft Visual Studio Solution File, Format Version 12.00
# Visual Studio 2012
Project("{FAE04EC0-301F-11D3-BF4B-00C04F79EFBC}") = "Dungeon Keeper Clone", "Dungeon Keeper Clone.csproj", "{07442294-F1A2-4F0C-9249-726EB98662AB}"
EndProject
Global
	GlobalSection(SolutionConfigurationPlatforms) = preSolution
	Debug|Any CPU = Debug|Any CPU
	ExportDebug|Any CPU = ExportDebug|Any CPU
	ExportRelease|Any CPU = ExportRelease|Any CPU
	EndGlobalSection
	GlobalSection(ProjectConfigurationPlatforms) = postSolution
		{07442294-F1A2-4F0C-9249-726EB98662AB}.Debug|Any CPU.ActiveCfg = Debug|Any CPU
		{07442294-F1A2-4F0C-9249-726EB98662AB}.Debug|Any CPU.Build.0 = Debug|Any CPU
		{07442294-F1A2-4F0C-9249-726EB98662AB}.ExportDebug|Any CPU.ActiveCfg = ExportDebug|Any CPU
		{07442294-F1A2-4F0C-9249-726EB98662AB}.ExportDebug|Any CPU.Build.0 = ExportDebug|Any CPU
		{07442294-F1A2-4F0C-9249-726EB98662AB}.ExportRelease|Any CPU.ActiveCfg = ExportRelease|Any CPU
		{07442294-F1A2-4F0C-9249-726EB98662AB}.ExportRelease|Any CPU.Build.0 = ExportRelease|Any CPU
	EndGlobalSection
EndGlobal
